
Microsoft Visual Studio Solution File, Format Version 12.00
# Visual Studio Version 17
VisualStudioVersion = 17.0.31903.59
MinimumVisualStudioVersion = 10.0.40219.1
Project("{2150E333-8FDC-42A3-9474-1A3956D46DE8}") = "src", "src", "{827E0CD3-B72D-47B6-A68D-7590B98EB39B}"
EndProject
Project("{FAE04EC0-301F-11D3-BF4B-00C04F79EFBC}") = "VRS.RaceControl.Shared", "src\VRS.RaceControl.Shared\VRS.RaceControl.Shared.csproj", "{439287FA-E6E5-4E06-8071-1DDD3BAFDC3A}"
EndProject
Project("{FAE04EC0-301F-11D3-BF4B-00C04F79EFBC}") = "VRS.RaceControl.Network", "src\VRS.RaceControl.Network\VRS.RaceControl.Network.csproj", "{3A2E3EB4-142A-48B9-BD64-AE8910A95EF0}"
EndProject
Project("{FAE04EC0-301F-11D3-BF4B-00C04F79EFBC}") = "VRS.RaceControl.Host", "src\VRS.RaceControl.Host\VRS.RaceControl.Host.csproj", "{E1A82ABB-EC29-4ACB-99BF-411E0E219964}"
EndProject
Project("{FAE04EC0-301F-11D3-BF4B-00C04F79EFBC}") = "VRS.RaceControl.Client", "src\VRS.RaceControl.Client\VRS.RaceControl.Client.csproj", "{FB3099C4-2901-47B4-B913-4FF56FB21E81}"
EndProject
Project("{2150E333-8FDC-42A3-9474-1A3956D46DE8}") = "tests", "tests", "{0AB3BF05-4346-4AA6-1389-037BE0695223}"
EndProject
Project("{FAE04EC0-301F-11D3-BF4B-00C04F79EFBC}") = "VRS.RaceControl.Tests", "tests\VRS.RaceControl.Tests\VRS.RaceControl.Tests.csproj", "{3AFECAFD-0C3E-4D2F-B45E-3644BE654DCF}"
EndProject
Project("{FAE04EC0-301F-11D3-BF4B-00C04F79EFBC}") = "VRS.RaceControl.ACBridge", "src\VRS.RaceControl.ACBridge\VRS.RaceControl.ACBridge.csproj", "{6A3F7F1E-E5F0-4E18-B1D2-8B0E204D5532}"
EndProject
Project("{FAE04EC0-301F-11D3-BF4B-00C04F79EFBC}") = "VRS.RaceControl.Relay", "src\VRS.RaceControl.Relay\VRS.RaceControl.Relay.csproj", "{36B17895-A9FB-48BB-83DC-C119525023AE}"
EndProject
Global
	GlobalSection(SolutionConfigurationPlatforms) = preSolution
		Debug|Any CPU = Debug|Any CPU
		Debug|x64 = Debug|x64
		Debug|x86 = Debug|x86
		Release|Any CPU = Release|Any CPU
		Release|x64 = Release|x64
		Release|x86 = Release|x86
	EndGlobalSection
	GlobalSection(ProjectConfigurationPlatforms) = postSolution
		{439287FA-E6E5-4E06-8071-1DDD3BAFDC3A}.Debug|Any CPU.ActiveCfg = Debug|Any CPU
		{439287FA-E6E5-4E06-8071-1DDD3BAFDC3A}.Debug|Any CPU.Build.0 = Debug|Any CPU
		{439287FA-E6E5-4E06-8071-1DDD3BAFDC3A}.Debug|x64.ActiveCfg = Debug|Any CPU
		{439287FA-E6E5-4E06-8071-1DDD3BAFDC3A}.Debug|x64.Build.0 = Debug|Any CPU
		{439287FA-E6E5-4E06-8071-1DDD3BAFDC3A}.Debug|x86.ActiveCfg = Debug|Any CPU
		{439287FA-E6E5-4E06-8071-1DDD3BAFDC3A}.Debug|x86.Build.0 = Debug|Any CPU
		{439287FA-E6E5-4E06-8071-1DDD3BAFDC3A}.Release|Any CPU.ActiveCfg = Release|Any CPU
		{439287FA-E6E5-4E06-8071-1DDD3BAFDC3A}.Release|Any CPU.Build.0 = Release|Any CPU
		{439287FA-E6E5-4E06-8071-1DDD3BAFDC3A}.Release|x64.ActiveCfg = Release|Any CPU
		{439287FA-E6E5-4E06-8071-1DDD3BAFDC3A}.Release|x64.Build.0 = Release|Any CPU
		{439287FA-E6E5-4E06-8071-1DDD3BAFDC3A}.Release|x86.ActiveCfg = Release|Any CPU
		{439287FA-E6E5-4E06-8071-1DDD3BAFDC3A}.Release|x86.Build.0 = Release|Any CPU
		{3A2E3EB4-142A-48B9-BD64-AE8910A95EF0}.Debug|Any CPU.ActiveCfg = Debug|Any CPU
		{3A2E3EB4-142A-48B9-BD64-AE8910A95EF0}.Debug|Any CPU.Build.0 = Debug|Any CPU
		{3A2E3EB4-142A-48B9-BD64-AE8910A95EF0}.Debug|x64.ActiveCfg = Debug|Any CPU
		{3A2E3EB4-142A-48B9-BD64-AE8910A95EF0}.Debug|x64.Build.0 = Debug|Any CPU
		{3A2E3EB4-142A-48B9-BD64-AE8910A95EF0}.Debug|x86.ActiveCfg = Debug|Any CPU
		{3A2E3EB4-142A-48B9-BD64-AE8910A95EF0}.Debug|x86.Build.0 = Debug|Any CPU
		{3A2E3EB4-142A-48B9-BD64-AE8910A95EF0}.Release|Any CPU.ActiveCfg = Release|Any CPU
		{3A2E3EB4-142A-48B9-BD64-AE8910A95EF0}.Release|Any CPU.Build.0 = Release|Any CPU
		{3A2E3EB4-142A-48B9-BD64-AE8910A95EF0}.Release|x64.ActiveCfg = Release|Any CPU
		{3A2E3EB4-142A-48B9-BD64-AE8910A95EF0}.Release|x64.Build.0 = Release|Any CPU
		{3A2E3EB4-142A-48B9-BD64-AE8910A95EF0}.Release|x86.ActiveCfg = Release|Any CPU
		{3A2E3EB4-142A-48B9-BD64-AE8910A95EF0}.Release|x86.Build.0 = Release|Any CPU
		{E1A82ABB-EC29-4ACB-99BF-411E0E219964}.Debug|Any CPU.ActiveCfg = Debug|Any CPU
		{E1A82ABB-EC29-4ACB-99BF-411E0E219964}.Debug|Any CPU.Build.0 = Debug|Any CPU
		{E1A82ABB-EC29-4ACB-99BF-411E0E219964}.Debug|x64.ActiveCfg = Debug|Any CPU
		{E1A82ABB-EC29-4ACB-99BF-411E0E219964}.Debug|x64.Build.0 = Debug|Any CPU
		{E1A82ABB-EC29-4ACB-99BF-411E0E219964}.Debug|x86.ActiveCfg = Debug|Any CPU
		{E1A82ABB-EC29-4ACB-99BF-411E0E219964}.Debug|x86.Build.0 = Debug|Any CPU
		{E1A82ABB-EC29-4ACB-99BF-411E0E219964}.Release|Any CPU.ActiveCfg = Release|Any CPU
		{E1A82ABB-EC29-4ACB-99BF-411E0E219964}.Release|Any CPU.Build.0 = Release|Any CPU
		{E1A82ABB-EC29-4ACB-99BF-411E0E219964}.Release|x64.ActiveCfg = Release|Any CPU
		{E1A82ABB-EC29-4ACB-99BF-411E0E219964}.Release|x64.Build.0 = Release|Any CPU
		{E1A82ABB-EC29-4ACB-99BF-411E0E219964}.Release|x86.ActiveCfg = Release|Any CPU
		{E1A82ABB-EC29-4ACB-99BF-411E0E219964}.Release|x86.Build.0 = Release|Any CPU
		{FB3099C4-2901-47B4-B913-4FF56FB21E81}.Debug|Any CPU.ActiveCfg = Debug|Any CPU
		{FB3099C4-2901-47B4-B913-4FF56FB21E81}.Debug|Any CPU.Build.0 = Debug|Any CPU
		{FB3099C4-2901-47B4-B913-4FF56FB21E81}.Debug|x64.ActiveCfg = Debug|Any CPU
		{FB3099C4-2901-47B4-B913-4FF56FB21E81}.Debug|x64.Build.0 = Debug|Any CPU
		{FB3099C4-2901-47B4-B913-4FF56FB21E81}.Debug|x86.ActiveCfg = Debug|Any CPU
		{FB3099C4-2901-47B4-B913-4FF56FB21E81}.Debug|x86.Build.0 = Debug|Any CPU
		{FB3099C4-2901-47B4-B913-4FF56FB21E81}.Release|Any CPU.ActiveCfg = Release|Any CPU
		{FB3099C4-2901-47B4-B913-4FF56FB21E81}.Release|Any CPU.Build.0 = Release|Any CPU
		{FB3099C4-2901-47B4-B913-4FF56FB21E81}.Release|x64.ActiveCfg = Release|Any CPU
		{FB3099C4-2901-47B4-B913-4FF56FB21E81}.Release|x64.Build.0 = Release|Any CPU
		{FB3099C4-2901-47B4-B913-4FF56FB21E81}.Release|x86.ActiveCfg = Release|Any CPU
		{FB3099C4-2901-47B4-B913-4FF56FB21E81}.Release|x86.Build.0 = Release|Any CPU
		{3AFECAFD-0C3E-4D2F-B45E-3644BE654DCF}.Debug|Any CPU.ActiveCfg = Debug|Any CPU
		{3AFECAFD-0C3E-4D2F-B45E-3644BE654DCF}.Debug|Any CPU.Build.0 = Debug|Any CPU
		{3AFECAFD-0C3E-4D2F-B45E-3644BE654DCF}.Debug|x64.ActiveCfg = Debug|Any CPU
		{3AFECAFD-0C3E-4D2F-B45E-3644BE654DCF}.Debug|x64.Build.0 = Debug|Any CPU
		{3AFECAFD-0C3E-4D2F-B45E-3644BE654DCF}.Debug|x86.ActiveCfg = Debug|Any CPU
		{3AFECAFD-0C3E-4D2F-B45E-3644BE654DCF}.Debug|x86.Build.0 = Debug|Any CPU
		{3AFECAFD-0C3E-4D2F-B45E-3644BE654DCF}.Release|Any CPU.ActiveCfg = Release|Any CPU
		{3AFECAFD-0C3E-4D2F-B45E-3644BE654DCF}.Release|Any CPU.Build.0 = Release|Any CPU
		{3AFECAFD-0C3E-4D2F-B45E-3644BE654DCF}.Release|x64.ActiveCfg = Release|Any CPU
		{3AFECAFD-0C3E-4D2F-B45E-3644BE654DCF}.Release|x64.Build.0 = Release|Any CPU
		{3AFECAFD-0C3E-4D2F-B45E-3644BE654DCF}.Release|x86.ActiveCfg = Release|Any CPU
		{3AFECAFD-0C3E-4D2F-B45E-3644BE654DCF}.Release|x86.Build.0 = Release|Any CPU
		{6A3F7F1E-E5F0-4E18-B1D2-8B0E204D5532}.Debug|Any CPU.ActiveCfg = Debug|Any CPU
		{6A3F7F1E-E5F0-4E18-B1D2-8B0E204D5532}.Debug|Any CPU.Build.0 = Debug|Any CPU
		{6A3F7F1E-E5F0-4E18-B1D2-8B0E204D5532}.Debug|x64.ActiveCfg = Debug|Any CPU
		{6A3F7F1E-E5F0-4E18-B1D2-8B0E204D5532}.Debug|x64.Build.0 = Debug|Any CPU
		{6A3F7F1E-E5F0-4E18-B1D2-8B0E204D5532}.Debug|x86.ActiveCfg = Debug|Any CPU
		{6A3F7F1E-E5F0-4E18-B1D2-8B0E204D5532}.Debug|x86.Build.0 = Debug|Any CPU
		{6A3F7F1E-E5F0-4E18-B1D2-8B0E204D5532}.Release|Any CPU.ActiveCfg = Release|Any CPU
		{6A3F7F1E-E5F0-4E18-B1D2-8B0E204D5532}.Release|Any CPU.Build.0 = Release|Any CPU
		{6A3F7F1E-E5F0-4E18-B1D2-8B0E204D5532}.Release|x64.ActiveCfg = Release|Any CPU
		{6A3F7F1E-E5F0-4E18-B1D2-8B0E204D5532}.Release|x64.Build.0 = Release|Any CPU
		{6A3F7F1E-E5F0-4E18-B1D2-8B0E204D5532}.Release|x86.ActiveCfg = Release|Any CPU
		{6A3F7F1E-E5F0-4E18-B1D2-8B0E204D5532}.Release|x86.Build.0 = Release|Any CPU
		{36B17895-A9FB-48BB-83DC-C119525023AE}.Debug|Any CPU.ActiveCfg = Debug|Any CPU
		{36B17895-A9FB-48BB-83DC-C119525023AE}.Debug|Any CPU.Build.0 = Debug|Any CPU
		{36B17895-A9FB-48BB-83DC-C119525023AE}.Debug|x64.ActiveCfg = Debug|Any CPU
		{36B17895-A9FB-48BB-83DC-C119525023AE}.Debug|x64.Build.0 = Debug|Any CPU
		{36B17895-A9FB-48BB-83DC-C119525023AE}.Debug|x86.ActiveCfg = Debug|Any CPU
		{36B17895-A9FB-48BB-83DC-C119525023AE}.Debug|x86.Build.0 = Debug|Any CPU
		{36B17895-A9FB-48BB-83DC-C119525023AE}.Release|Any CPU.ActiveCfg = Release|Any CPU
		{36B17895-A9FB-48BB-83DC-C119525023AE}.Release|Any CPU.Build.0 = Release|Any CPU
		{36B17895-A9FB-48BB-83DC-C119525023AE}.Release|x64.ActiveCfg = Release|Any CPU
		{36B17895-A9FB-48BB-83DC-C119525023AE}.Release|x64.Build.0 = Release|Any CPU
		{36B17895-A9FB-48BB-83DC-C119525023AE}.Release|x86.ActiveCfg = Release|Any CPU
		{36B17895-A9FB-48BB-83DC-C119525023AE}.Release|x86.Build.0 = Release|Any CPU
	EndGlobalSection
	GlobalSection(SolutionProperties) = preSolution
		HideSolutionNode = FALSE
	EndGlobalSection
	GlobalSection(NestedProjects) = preSolution
		{439287FA-E6E5-4E06-8071-1DDD3BAFDC3A} = {827E0CD3-B72D-47B6-A68D-7590B98EB39B}
		{3A2E3EB4-142A-48B9-BD64-AE8910A95EF0} = {827E0CD3-B72D-47B6-A68D-7590B98EB39B}
		{E1A82ABB-EC29-4ACB-99BF-411E0E219964} = {827E0CD3-B72D-47B6-A68D-7590B98EB39B}
		{FB3099C4-2901-47B4-B913-4FF56FB21E81} = {827E0CD3-B72D-47B6-A68D-7590B98EB39B}
		{3AFECAFD-0C3E-4D2F-B45E-3644BE654DCF} = {0AB3BF05-4346-4AA6-1389-037BE0695223}
		{6A3F7F1E-E5F0-4E18-B1D2-8B0E204D5532} = {827E0CD3-B72D-47B6-A68D-7590B98EB39B}
		{36B17895-A9FB-48BB-83DC-C119525023AE} = {827E0CD3-B72D-47B6-A68D-7590B98EB39B}
	EndGlobalSection
EndGlobal
